
Microsoft Visual Studio Solution File, Format Version 12.00
# Visual Studio 15
VisualStudioVersion = 15.0.27428.2043
MinimumVisualStudioVersion = 10.0.40219.1
Project("{FAE04EC0-301F-11D3-BF4B-00C04F79EFBC}") = "HiPolyTest", "HiPolyTest\HiPolyTest.csproj", "{6EF1352F-EB90-4AE3-A5FB-05F6DCAF1A75}"
EndProject
Global
	GlobalSection(SolutionConfigurationPlatforms) = preSolution
		Debug|Any CPU = Debug|Any CPU
		Release|Any CPU = Release|Any CPU
	EndGlobalSection
	GlobalSection(ProjectConfigurationPlatforms) = postSolution
		{6EF1352F-EB90-4AE3-A5FB-05F6DCAF1A75}.Debug|Any CPU.ActiveCfg = Debug|Any CPU
		{6EF1352F-EB90-4AE3-A5FB-05F6DCAF1A75}.Debug|Any CPU.Build.0 = Debug|Any CPU
		{6EF1352F-EB90-4AE3-A5FB-05F6DCAF1A75}.Release|Any CPU.ActiveCfg = Release|Any CPU
		{6EF1352F-EB90-4AE3-A5FB-05F6DCAF1A75}.Release|Any CPU.Build.0 = Release|Any CPU
	EndGlobalSection
	GlobalSection(SolutionProperties) = preSolution
		HideSolutionNode = FALSE
	EndGlobalSection
	GlobalSection(ExtensibilityGlobals) = postSolution
		SolutionGuid = {70805AC3-B558-40A5-92A9-BF96AA665CEC}
	EndGlobalSection
EndGlobal
